// !$*UTF8*$!
{
	archiveVersion = 1;
	classes = {
	};
	objectVersion = 51;
	objects = {

/* Begin PBXBuildFile section */
		5516C00B26102CDC00482665 /* AppDelegate.swift in Sources */ = {isa = PBXBuildFile; fileRef = 5516C00A26102CDC00482665 /* AppDelegate.swift */; };
		5516C00D26102CDC00482665 /* SceneDelegate.swift in Sources */ = {isa = PBXBuildFile; fileRef = 5516C00C26102CDC00482665 /* SceneDelegate.swift */; };
		5516C00F26102CDC00482665 /* LoginViewController.swift in Sources */ = {isa = PBXBuildFile; fileRef = 5516C00E26102CDC00482665 /* LoginViewController.swift */; };
		5516C01226102CDC00482665 /* Main.storyboard in Resources */ = {isa = PBXBuildFile; fileRef = 5516C01026102CDC00482665 /* Main.storyboard */; };
		5516C01426102CDD00482665 /* Assets.xcassets in Resources */ = {isa = PBXBuildFile; fileRef = 5516C01326102CDD00482665 /* Assets.xcassets */; };
		5516C01726102CDD00482665 /* LaunchScreen.storyboard in Resources */ = {isa = PBXBuildFile; fileRef = 5516C01526102CDD00482665 /* LaunchScreen.storyboard */; };
		5516C02426103E4600482665 /* User.swift in Sources */ = {isa = PBXBuildFile; fileRef = 5516C02326103E4600482665 /* User.swift */; };
		5516C028261045D900482665 /* RegistrationViewController.swift in Sources */ = {isa = PBXBuildFile; fileRef = 5516C027261045D900482665 /* RegistrationViewController.swift */; };
		5557943D2629FE23001DCFF0 /* UserProfileViewController.swift in Sources */ = {isa = PBXBuildFile; fileRef = 5557943C2629FE23001DCFF0 /* UserProfileViewController.swift */; };
		555794CB263C8D19001DCFF0 /* Stores.swift in Sources */ = {isa = PBXBuildFile; fileRef = 555794CA263C8D18001DCFF0 /* Stores.swift */; };
		55579507264F2D32001DCFF0 /* AddStoreViewController.swift in Sources */ = {isa = PBXBuildFile; fileRef = 55579506264F2D32001DCFF0 /* AddStoreViewController.swift */; };
		5557950A264F3AC8001DCFF0 /* StoreDetailViewController.swift in Sources */ = {isa = PBXBuildFile; fileRef = 55579509264F3AC8001DCFF0 /* StoreDetailViewController.swift */; };
		5557950D265851D9001DCFF0 /* UserMainViewController.swift in Sources */ = {isa = PBXBuildFile; fileRef = 5557950C265851D9001DCFF0 /* UserMainViewController.swift */; };
		5557951026585AD8001DCFF0 /* AllStoreCell.swift in Sources */ = {isa = PBXBuildFile; fileRef = 5557950F26585AD8001DCFF0 /* AllStoreCell.swift */; };
		557FC8AC265C84D50058CD21 /* OwnerMainViewController.swift in Sources */ = {isa = PBXBuildFile; fileRef = 557FC8AB265C84D50058CD21 /* OwnerMainViewController.swift */; };
		CDBD236B655627A82DEE18CB /* Pods_SmartShopping.framework in Frameworks */ = {isa = PBXBuildFile; fileRef = EC424872D6FE1D8C649DA0D1 /* Pods_SmartShopping.framework */; };
/* End PBXBuildFile section */

/* Begin PBXFileReference section */
		348810AE6638734E1EA6CC63 /* Pods-SmartShopping.debug.xcconfig */ = {isa = PBXFileReference; includeInIndex = 1; lastKnownFileType = text.xcconfig; name = "Pods-SmartShopping.debug.xcconfig"; path = "Target Support Files/Pods-SmartShopping/Pods-SmartShopping.debug.xcconfig"; sourceTree = "<group>"; };
		5516C00726102CDC00482665 /* SmartShopping.app */ = {isa = PBXFileReference; explicitFileType = wrapper.application; includeInIndex = 0; path = SmartShopping.app; sourceTree = BUILT_PRODUCTS_DIR; };
		5516C00A26102CDC00482665 /* AppDelegate.swift */ = {isa = PBXFileReference; lastKnownFileType = sourcecode.swift; path = AppDelegate.swift; sourceTree = "<group>"; };
		5516C00C26102CDC00482665 /* SceneDelegate.swift */ = {isa = PBXFileReference; lastKnownFileType = sourcecode.swift; path = SceneDelegate.swift; sourceTree = "<group>"; };
		5516C00E26102CDC00482665 /* LoginViewController.swift */ = {isa = PBXFileReference; lastKnownFileType = sourcecode.swift; path = LoginViewController.swift; sourceTree = "<group>"; };
		5516C01126102CDC00482665 /* Base */ = {isa = PBXFileReference; lastKnownFileType = file.storyboard; name = Base; path = Base.lproj/Main.storyboard; sourceTree = "<group>"; };
		5516C01326102CDD00482665 /* Assets.xcassets */ = {isa = PBXFileReference; lastKnownFileType = folder.assetcatalog; path = Assets.xcassets; sourceTree = "<group>"; };
		5516C01626102CDD00482665 /* Base */ = {isa = PBXFileReference; lastKnownFileType = file.storyboard; name = Base; path = Base.lproj/LaunchScreen.storyboard; sourceTree = "<group>"; };
		5516C01826102CDD00482665 /* Info.plist */ = {isa = PBXFileReference; lastKnownFileType = text.plist.xml; path = Info.plist; sourceTree = "<group>"; };
		5516C02326103E4600482665 /* User.swift */ = {isa = PBXFileReference; lastKnownFileType = sourcecode.swift; path = User.swift; sourceTree = "<group>"; };
		5516C027261045D900482665 /* RegistrationViewController.swift */ = {isa = PBXFileReference; lastKnownFileType = sourcecode.swift; path = RegistrationViewController.swift; sourceTree = "<group>"; };
		5557943C2629FE23001DCFF0 /* UserProfileViewController.swift */ = {isa = PBXFileReference; lastKnownFileType = sourcecode.swift; path = UserProfileViewController.swift; sourceTree = "<group>"; };
		555794CA263C8D18001DCFF0 /* Stores.swift */ = {isa = PBXFileReference; lastKnownFileType = sourcecode.swift; path = Stores.swift; sourceTree = "<group>"; };
		55579506264F2D32001DCFF0 /* AddStoreViewController.swift */ = {isa = PBXFileReference; lastKnownFileType = sourcecode.swift; path = AddStoreViewController.swift; sourceTree = "<group>"; };
		55579509264F3AC8001DCFF0 /* StoreDetailViewController.swift */ = {isa = PBXFileReference; lastKnownFileType = sourcecode.swift; path = StoreDetailViewController.swift; sourceTree = "<group>"; };
		5557950C265851D9001DCFF0 /* UserMainViewController.swift */ = {isa = PBXFileReference; lastKnownFileType = sourcecode.swift; path = UserMainViewController.swift; sourceTree = "<group>"; };
		5557950F26585AD8001DCFF0 /* AllStoreCell.swift */ = {isa = PBXFileReference; lastKnownFileType = sourcecode.swift; path = AllStoreCell.swift; sourceTree = "<group>"; };
		557FC8AB265C84D50058CD21 /* OwnerMainViewController.swift */ = {isa = PBXFileReference; lastKnownFileType = sourcecode.swift; path = OwnerMainViewController.swift; sourceTree = "<group>"; };
		EC424872D6FE1D8C649DA0D1 /* Pods_SmartShopping.framework */ = {isa = PBXFileReference; explicitFileType = wrapper.framework; includeInIndex = 0; path = Pods_SmartShopping.framework; sourceTree = BUILT_PRODUCTS_DIR; };
		FE823BDD22E1EAE1E609488C /* Pods-SmartShopping.release.xcconfig */ = {isa = PBXFileReference; includeInIndex = 1; lastKnownFileType = text.xcconfig; name = "Pods-SmartShopping.release.xcconfig"; path = "Target Support Files/Pods-SmartShopping/Pods-SmartShopping.release.xcconfig"; sourceTree = "<group>"; };
/* End PBXFileReference section */

/* Begin PBXFrameworksBuildPhase section */
		5516C00426102CDC00482665 /* Frameworks */ = {
			isa = PBXFrameworksBuildPhase;
			buildActionMask = 2147483647;
			files = (
				CDBD236B655627A82DEE18CB /* Pods_SmartShopping.framework in Frameworks */,
			);
			runOnlyForDeploymentPostprocessing = 0;
		};
/* End PBXFrameworksBuildPhase section */

/* Begin PBXGroup section */
		1F43D8C8C0FCC28894600FE6 /* Pods */ = {
			isa = PBXGroup;
			children = (
				348810AE6638734E1EA6CC63 /* Pods-SmartShopping.debug.xcconfig */,
				FE823BDD22E1EAE1E609488C /* Pods-SmartShopping.release.xcconfig */,
			);
			path = Pods;
			sourceTree = "<group>";
		};
		5516BFFE26102CDC00482665 = {
			isa = PBXGroup;
			children = (
				5516C00926102CDC00482665 /* SmartShopping */,
				5516C00826102CDC00482665 /* Products */,
				1F43D8C8C0FCC28894600FE6 /* Pods */,
				A02B0AFF7A1AF54EEAED190D /* Frameworks */,
			);
			sourceTree = "<group>";
		};
		5516C00826102CDC00482665 /* Products */ = {
			isa = PBXGroup;
			children = (
				5516C00726102CDC00482665 /* SmartShopping.app */,
			);
			name = Products;
			sourceTree = "<group>";
		};
		5516C00926102CDC00482665 /* SmartShopping */ = {
			isa = PBXGroup;
			children = (
				55579442262A83BF001DCFF0 /* controller */,
				5516C02226103E3100482665 /* model */,
				5516C00A26102CDC00482665 /* AppDelegate.swift */,
				5516C00C26102CDC00482665 /* SceneDelegate.swift */,
				5516C01026102CDC00482665 /* Main.storyboard */,
				5516C01326102CDD00482665 /* Assets.xcassets */,
				5516C01526102CDD00482665 /* LaunchScreen.storyboard */,
				5516C01826102CDD00482665 /* Info.plist */,
			);
			path = SmartShopping;
			sourceTree = "<group>";
		};
		5516C02226103E3100482665 /* model */ = {
			isa = PBXGroup;
			children = (
				5516C02326103E4600482665 /* User.swift */,
				555794CA263C8D18001DCFF0 /* Stores.swift */,
			);
			path = model;
			sourceTree = "<group>";
		};
		55579442262A83BF001DCFF0 /* controller */ = {
			isa = PBXGroup;
			children = (
				5557943C2629FE23001DCFF0 /* UserProfileViewController.swift */,
				5516C027261045D900482665 /* RegistrationViewController.swift */,
				5516C00E26102CDC00482665 /* LoginViewController.swift */,
				55579506264F2D32001DCFF0 /* AddStoreViewController.swift */,
				55579509264F3AC8001DCFF0 /* StoreDetailViewController.swift */,
				5557950C265851D9001DCFF0 /* UserMainViewController.swift */,
				5557950F26585AD8001DCFF0 /* AllStoreCell.swift */,
				557FC8AB265C84D50058CD21 /* OwnerMainViewController.swift */,
			);
			path = controller;
			sourceTree = "<group>";
		};
		A02B0AFF7A1AF54EEAED190D /* Frameworks */ = {
			isa = PBXGroup;
			children = (
				EC424872D6FE1D8C649DA0D1 /* Pods_SmartShopping.framework */,
			);
			name = Frameworks;
			sourceTree = "<group>";
		};
/* End PBXGroup section */

/* Begin PBXNativeTarget section */
		5516C00626102CDC00482665 /* SmartShopping */ = {
			isa = PBXNativeTarget;
			buildConfigurationList = 5516C01B26102CDD00482665 /* Build configuration list for PBXNativeTarget "SmartShopping" */;
			buildPhases = (
				B8368559DD706E513EAB7830 /* [CP] Check Pods Manifest.lock */,
				5516C00326102CDC00482665 /* Sources */,
				5516C00426102CDC00482665 /* Frameworks */,
				5516C00526102CDC00482665 /* Resources */,
				05043D7B555D8F317621D837 /* [CP] Embed Pods Frameworks */,
			);
			buildRules = (
			);
			dependencies = (
			);
			name = SmartShopping;
			productName = SmartShopping;
			productReference = 5516C00726102CDC00482665 /* SmartShopping.app */;
			productType = "com.apple.product-type.application";
		};
/* End PBXNativeTarget section */

/* Begin PBXProject section */
		5516BFFF26102CDC00482665 /* Project object */ = {
			isa = PBXProject;
			attributes = {
				LastSwiftUpdateCheck = 1230;
				LastUpgradeCheck = 1230;
				TargetAttributes = {
					5516C00626102CDC00482665 = {
						CreatedOnToolsVersion = 12.3;
					};
				};
			};
			buildConfigurationList = 5516C00226102CDC00482665 /* Build configuration list for PBXProject "SmartShopping" */;
			compatibilityVersion = "Xcode 9.3";
			developmentRegion = en;
			hasScannedForEncodings = 0;
			knownRegions = (
				en,
				Base,
			);
			mainGroup = 5516BFFE26102CDC00482665;
			productRefGroup = 5516C00826102CDC00482665 /* Products */;
			projectDirPath = "";
			projectRoot = "";
			targets = (
				5516C00626102CDC00482665 /* SmartShopping */,
			);
		};
/* End PBXProject section */

/* Begin PBXResourcesBuildPhase section */
		5516C00526102CDC00482665 /* Resources */ = {
			isa = PBXResourcesBuildPhase;
			buildActionMask = 2147483647;
			files = (
				5516C01726102CDD00482665 /* LaunchScreen.storyboard in Resources */,
				5516C01426102CDD00482665 /* Assets.xcassets in Resources */,
				5516C01226102CDC00482665 /* Main.storyboard in Resources */,
			);
			runOnlyForDeploymentPostprocessing = 0;
		};
/* End PBXResourcesBuildPhase section */

/* Begin PBXShellScriptBuildPhase section */
		05043D7B555D8F317621D837 /* [CP] Embed Pods Frameworks */ = {
			isa = PBXShellScriptBuildPhase;
			buildActionMask = 2147483647;
			files = (
			);
			inputFileListPaths = (
				"${PODS_ROOT}/Target Support Files/Pods-SmartShopping/Pods-SmartShopping-frameworks-${CONFIGURATION}-input-files.xcfilelist",
			);
			name = "[CP] Embed Pods Frameworks";
			outputFileListPaths = (
				"${PODS_ROOT}/Target Support Files/Pods-SmartShopping/Pods-SmartShopping-frameworks-${CONFIGURATION}-output-files.xcfilelist",
			);
			runOnlyForDeploymentPostprocessing = 0;
			shellPath = /bin/sh;
			shellScript = "\"${PODS_ROOT}/Target Support Files/Pods-SmartShopping/Pods-SmartShopping-frameworks.sh\"\n";
			showEnvVarsInLog = 0;
		};
		B8368559DD706E513EAB7830 /* [CP] Check Pods Manifest.lock */ = {
			isa = PBXShellScriptBuildPhase;
			buildActionMask = 2147483647;
			files = (
			);
			inputFileListPaths = (
			);
			inputPaths = (
				"${PODS_PODFILE_DIR_PATH}/Podfile.lock",
				"${PODS_ROOT}/Manifest.lock",
			);
			name = "[CP] Check Pods Manifest.lock";
			outputFileListPaths = (
			);
			outputPaths = (
				"$(DERIVED_FILE_DIR)/Pods-SmartShopping-checkManifestLockResult.txt",
			);
			runOnlyForDeploymentPostprocessing = 0;
			shellPath = /bin/sh;
			shellScript = "diff \"${PODS_PODFILE_DIR_PATH}/Podfile.lock\" \"${PODS_ROOT}/Manifest.lock\" > /dev/null\nif [ $? != 0 ] ; then\n    # print error to STDERR\n    echo \"error: The sandbox is not in sync with the Podfile.lock. Run 'pod install' or update your CocoaPods installation.\" >&2\n    exit 1\nfi\n# This output is used by Xcode 'outputs' to avoid re-running this script phase.\necho \"SUCCESS\" > \"${SCRIPT_OUTPUT_FILE_0}\"\n";
			showEnvVarsInLog = 0;
		};
/* End PBXShellScriptBuildPhase section */

/* Begin PBXSourcesBuildPhase section */
		5516C00326102CDC00482665 /* Sources */ = {
			isa = PBXSourcesBuildPhase;
			buildActionMask = 2147483647;
			files = (
				5557950D265851D9001DCFF0 /* UserMainViewController.swift in Sources */,
				5557943D2629FE23001DCFF0 /* UserProfileViewController.swift in Sources */,
				557FC8AC265C84D50058CD21 /* OwnerMainViewController.swift in Sources */,
				5516C028261045D900482665 /* RegistrationViewController.swift in Sources */,
				5557950A264F3AC8001DCFF0 /* StoreDetailViewController.swift in Sources */,
				5516C00F26102CDC00482665 /* LoginViewController.swift in Sources */,
				5516C00B26102CDC00482665 /* AppDelegate.swift in Sources */,
				55579507264F2D32001DCFF0 /* AddStoreViewController.swift in Sources */,
				555794CB263C8D19001DCFF0 /* Stores.swift in Sources */,
				5557951026585AD8001DCFF0 /* AllStoreCell.swift in Sources */,
				5516C00D26102CDC00482665 /* SceneDelegate.swift in Sources */,
				5516C02426103E4600482665 /* User.swift in Sources */,
			);
			runOnlyForDeploymentPostprocessing = 0;
		};
/* End PBXSourcesBuildPhase section */

/* Begin PBXVariantGroup section */
		5516C01026102CDC00482665 /* Main.storyboard */ = {
			isa = PBXVariantGroup;
			children = (
				5516C01126102CDC00482665 /* Base */,
			);
			name = Main.storyboard;
			sourceTree = "<group>";
		};
		5516C01526102CDD00482665 /* LaunchScreen.storyboard */ = {
			isa = PBXVariantGroup;
			children = (
				5516C01626102CDD00482665 /* Base */,
			);
			name = LaunchScreen.storyboard;
			sourceTree = "<group>";
		};
/* End PBXVariantGroup section */

/* Begin XCBuildConfiguration section */
		5516C01926102CDD00482665 /* Debug */ = {
			isa = XCBuildConfiguration;
			buildSettings = {
				ALWAYS_SEARCH_USER_PATHS = NO;
				CLANG_ANALYZER_NONNULL = YES;
				CLANG_ANALYZER_NUMBER_OBJECT_CONVERSION = YES_AGGRESSIVE;
				CLANG_CXX_LANGUAGE_STANDARD = "gnu++14";
				CLANG_CXX_LIBRARY = "libc++";
				CLANG_ENABLE_MODULES = YES;
				CLANG_ENABLE_OBJC_ARC = YES;
				CLANG_ENABLE_OBJC_WEAK = YES;
				CLANG_WARN_BLOCK_CAPTURE_AUTORELEASING = YES;
				CLANG_WARN_BOOL_CONVERSION = YES;
				CLANG_WARN_COMMA = YES;
				CLANG_WARN_CONSTANT_CONVERSION = YES;
				CLANG_WARN_DEPRECATED_OBJC_IMPLEMENTATIONS = YES;
				CLANG_WARN_DIRECT_OBJC_ISA_USAGE = YES_ERROR;
				CLANG_WARN_DOCUMENTATION_COMMENTS = YES;
				CLANG_WARN_EMPTY_BODY = YES;
				CLANG_WARN_ENUM_CONVERSION = YES;
				CLANG_WARN_INFINITE_RECURSION = YES;
				CLANG_WARN_INT_CONVERSION = YES;
				CLANG_WARN_NON_LITERAL_NULL_CONVERSION = YES;
				CLANG_WARN_OBJC_IMPLICIT_RETAIN_SELF = YES;
				CLANG_WARN_OBJC_LITERAL_CONVERSION = YES;
				CLANG_WARN_OBJC_ROOT_CLASS = YES_ERROR;
				CLANG_WARN_QUOTED_INCLUDE_IN_FRAMEWORK_HEADER = YES;
				CLANG_WARN_RANGE_LOOP_ANALYSIS = YES;
				CLANG_WARN_STRICT_PROTOTYPES = YES;
				CLANG_WARN_SUSPICIOUS_MOVE = YES;
				CLANG_WARN_UNGUARDED_AVAILABILITY = YES_AGGRESSIVE;
				CLANG_WARN_UNREACHABLE_CODE = YES;
				CLANG_WARN__DUPLICATE_METHOD_MATCH = YES;
				COPY_PHASE_STRIP = NO;
				DEBUG_INFORMATION_FORMAT = dwarf;
				ENABLE_STRICT_OBJC_MSGSEND = YES;
				ENABLE_TESTABILITY = YES;
				GCC_C_LANGUAGE_STANDARD = gnu11;
				GCC_DYNAMIC_NO_PIC = NO;
				GCC_NO_COMMON_BLOCKS = YES;
				GCC_OPTIMIZATION_LEVEL = 0;
				GCC_PREPROCESSOR_DEFINITIONS = (
					"DEBUG=1",
					"$(inherited)",
				);
				GCC_WARN_64_TO_32_BIT_CONVERSION = YES;
				GCC_WARN_ABOUT_RETURN_TYPE = YES_ERROR;
				GCC_WARN_UNDECLARED_SELECTOR = YES;
				GCC_WARN_UNINITIALIZED_AUTOS = YES_AGGRESSIVE;
				GCC_WARN_UNUSED_FUNCTION = YES;
				GCC_WARN_UNUSED_VARIABLE = YES;
				IPHONEOS_DEPLOYMENT_TARGET = 14.3;
				MTL_ENABLE_DEBUG_INFO = INCLUDE_SOURCE;
				MTL_FAST_MATH = YES;
				ONLY_ACTIVE_ARCH = YES;
				SDKROOT = iphoneos;
				SWIFT_ACTIVE_COMPILATION_CONDITIONS = DEBUG;
				SWIFT_OPTIMIZATION_LEVEL = "-Onone";
			};
			name = Debug;
		};
		5516C01A26102CDD00482665 /* Release */ = {
			isa = XCBuildConfiguration;
			buildSettings = {
				ALWAYS_SEARCH_USER_PATHS = NO;
				CLANG_ANALYZER_NONNULL = YES;
				CLANG_ANALYZER_NUMBER_OBJECT_CONVERSION = YES_AGGRESSIVE;
				CLANG_CXX_LANGUAGE_STANDARD = "gnu++14";
				CLANG_CXX_LIBRARY = "libc++";
				CLANG_ENABLE_MODULES = YES;
				CLANG_ENABLE_OBJC_ARC = YES;
				CLANG_ENABLE_OBJC_WEAK = YES;
				CLANG_WARN_BLOCK_CAPTURE_AUTORELEASING = YES;
				CLANG_WARN_BOOL_CONVERSION = YES;
				CLANG_WARN_COMMA = YES;
				CLANG_WARN_CONSTANT_CONVERSION = YES;
				CLANG_WARN_DEPRECATED_OBJC_IMPLEMENTATIONS = YES;
				CLANG_WARN_DIRECT_OBJC_ISA_USAGE = YES_ERROR;
				CLANG_WARN_DOCUMENTATION_COMMENTS = YES;
				CLANG_WARN_EMPTY_BODY = YES;
				CLANG_WARN_ENUM_CONVERSION = YES;
				CLANG_WARN_INFINITE_RECURSION = YES;
				CLANG_WARN_INT_CONVERSION = YES;
				CLANG_WARN_NON_LITERAL_NULL_CONVERSION = YES;
				CLANG_WARN_OBJC_IMPLICIT_RETAIN_SELF = YES;
				CLANG_WARN_OBJC_LITERAL_CONVERSION = YES;
				CLANG_WARN_OBJC_ROOT_CLASS = YES_ERROR;
				CLANG_WARN_QUOTED_INCLUDE_IN_FRAMEWORK_HEADER = YES;
				CLANG_WARN_RANGE_LOOP_ANALYSIS = YES;
				CLANG_WARN_STRICT_PROTOTYPES = YES;
				CLANG_WARN_SUSPICIOUS_MOVE = YES;
				CLANG_WARN_UNGUARDED_AVAILABILITY = YES_AGGRESSIVE;
				CLANG_WARN_UNREACHABLE_CODE = YES;
				CLANG_WARN__DUPLICATE_METHOD_MATCH = YES;
				COPY_PHASE_STRIP = NO;
				DEBUG_INFORMATION_FORMAT = "dwarf-with-dsym";
				ENABLE_NS_ASSERTIONS = NO;
				ENABLE_STRICT_OBJC_MSGSEND = YES;
				GCC_C_LANGUAGE_STANDARD = gnu11;
				GCC_NO_COMMON_BLOCKS = YES;
				GCC_WARN_64_TO_32_BIT_CONVERSION = YES;
				GCC_WARN_ABOUT_RETURN_TYPE = YES_ERROR;
				GCC_WARN_UNDECLARED_SELECTOR = YES;
				GCC_WARN_UNINITIALIZED_AUTOS = YES_AGGRESSIVE;
				GCC_WARN_UNUSED_FUNCTION = YES;
				GCC_WARN_UNUSED_VARIABLE = YES;
				IPHONEOS_DEPLOYMENT_TARGET = 14.3;
				MTL_ENABLE_DEBUG_INFO = NO;
				MTL_FAST_MATH = YES;
				SDKROOT = iphoneos;
				SWIFT_COMPILATION_MODE = wholemodule;
				SWIFT_OPTIMIZATION_LEVEL = "-O";
				VALIDATE_PRODUCT = YES;
			};
			name = Release;
		};
		5516C01C26102CDD00482665 /* Debug */ = {
			isa = XCBuildConfiguration;
			baseConfigurationReference = 348810AE6638734E1EA6CC63 /* Pods-SmartShopping.debug.xcconfig */;
			buildSettings = {
				ASSETCATALOG_COMPILER_APPICON_NAME = AppIcon;
				ASSETCATALOG_COMPILER_GLOBAL_ACCENT_COLOR_NAME = AccentColor;
				CODE_SIGN_STYLE = Automatic;
				DEVELOPMENT_TEAM = H9GV793Q3C;
				INFOPLIST_FILE = SmartShopping/Info.plist;
				LD_RUNPATH_SEARCH_PATHS = (
					"$(inherited)",
					"@executable_path/Frameworks",
				);
				PRODUCT_BUNDLE_IDENTIFIER = YWYW65SmartShopping;
				PRODUCT_NAME = "$(TARGET_NAME)";
				SWIFT_VERSION = 5.0;
				TARGETED_DEVICE_FAMILY = "1,2";
			};
			name = Debug;
		};
		5516C01D26102CDD00482665 /* Release */ = {
			isa = XCBuildConfiguration;
			baseConfigurationReference = FE823BDD22E1EAE1E609488C /* Pods-SmartShopping.release.xcconfig */;
			buildSettings = {
				ASSETCATALOG_COMPILER_APPICON_NAME = AppIcon;
				ASSETCATALOG_COMPILER_GLOBAL_ACCENT_COLOR_NAME = AccentColor;
				CODE_SIGN_STYLE = Automatic;
				DEVELOPMENT_TEAM = H9GV793Q3C;
				INFOPLIST_FILE = SmartShopping/Info.plist;
				LD_RUNPATH_SEARCH_PATHS = (
					"$(inherited)",
					"@executable_path/Frameworks",
				);
				PRODUCT_BUNDLE_IDENTIFIER = YWYW65SmartShopping;
				PRODUCT_NAME = "$(TARGET_NAME)";
				SWIFT_VERSION = 5.0;
				TARGETED_DEVICE_FAMILY = "1,2";
			};
			name = Release;
		};
/* End XCBuildConfiguration section */

/* Begin XCConfigurationList section */
		5516C00226102CDC00482665 /* Build configuration list for PBXProject "SmartShopping" */ = {
			isa = XCConfigurationList;
			buildConfigurations = (
				5516C01926102CDD00482665 /* Debug */,
				5516C01A26102CDD00482665 /* Release */,
			);
			defaultConfigurationIsVisible = 0;
			defaultConfigurationName = Release;
		};
		5516C01B26102CDD00482665 /* Build configuration list for PBXNativeTarget "SmartShopping" */ = {
			isa = XCConfigurationList;
			buildConfigurations = (
				5516C01C26102CDD00482665 /* Debug */,
				5516C01D26102CDD00482665 /* Release */,
			);
			defaultConfigurationIsVisible = 0;
			defaultConfigurationName = Release;
		};
/* End XCConfigurationList section */
	};
	rootObject = 5516BFFF26102CDC00482665 /* Project object */;
}
