// !$*UTF8*$!
{
	archiveVersion = 1;
	classes = {
	};
	objectVersion = 50;
	objects = {

/* Begin PBXBuildFile section */
		5516C00B26102CDC00482665 /* AppDelegate.swift in Sources */ = {isa = PBXBuildFile; fileRef = 5516C00A26102CDC00482665 /* AppDelegate.swift */; };
		5516C00D26102CDC00482665 /* SceneDelegate.swift in Sources */ = {isa = PBXBuildFile; fileRef = 5516C00C26102CDC00482665 /* SceneDelegate.swift */; };
		5516C00F26102CDC00482665 /* ViewController.swift in Sources */ = {isa = PBXBuildFile; fileRef = 5516C00E26102CDC00482665 /* ViewController.swift */; };
		5516C01226102CDC00482665 /* Main.storyboard in Resources */ = {isa = PBXBuildFile; fileRef = 5516C01026102CDC00482665 /* Main.storyboard */; };
		5516C01426102CDD00482665 /* Assets.xcassets in Resources */ = {isa = PBXBuildFile; fileRef = 5516C01326102CDD00482665 /* Assets.xcassets */; };
		5516C01726102CDD00482665 /* LaunchScreen.storyboard in Resources */ = {isa = PBXBuildFile; fileRef = 5516C01526102CDD00482665 /* LaunchScreen.storyboard */; };
		5516C02426103E4600482665 /* User.swift in Sources */ = {isa = PBXBuildFile; fileRef = 5516C02326103E4600482665 /* User.swift */; };
		5516C028261045D900482665 /* RegistrationViewController.swift in Sources */ = {isa = PBXBuildFile; fileRef = 5516C027261045D900482665 /* RegistrationViewController.swift */; };
/* End PBXBuildFile section */

/* Begin PBXFileReference section */
		5516C00726102CDC00482665 /* SmartShopping.app */ = {isa = PBXFileReference; explicitFileType = wrapper.application; includeInIndex = 0; path = SmartShopping.app; sourceTree = BUILT_PRODUCTS_DIR; };
		5516C00A26102CDC00482665 /* AppDelegate.swift */ = {isa = PBXFileReference; lastKnownFileType = sourcecode.swift; path = AppDelegate.swift; sourceTree = "<group>"; };
		5516C00C26102CDC00482665 /* SceneDelegate.swift */ = {isa = PBXFileReference; lastKnownFileType = sourcecode.swift; path = SceneDelegate.swift; sourceTree = "<group>"; };
		5516C00E26102CDC00482665 /* ViewController.swift */ = {isa = PBXFileReference; lastKnownFileType = sourcecode.swift; path = ViewController.swift; sourceTree = "<group>"; };
		5516C01126102CDC00482665 /* Base */ = {isa = PBXFileReference; lastKnownFileType = file.storyboard; name = Base; path = Base.lproj/Main.storyboard; sourceTree = "<group>"; };
		5516C01326102CDD00482665 /* Assets.xcassets */ = {isa = PBXFileReference; lastKnownFileType = folder.assetcatalog; path = Assets.xcassets; sourceTree = "<group>"; };
		5516C01626102CDD00482665 /* Base */ = {isa = PBXFileReference; lastKnownFileType = file.storyboard; name = Base; path = Base.lproj/LaunchScreen.storyboard; sourceTree = "<group>"; };
		5516C01826102CDD00482665 /* Info.plist */ = {isa = PBXFileReference; lastKnownFileType = text.plist.xml; path = Info.plist; sourceTree = "<group>"; };
		5516C02326103E4600482665 /* User.swift */ = {isa = PBXFileReference; lastKnownFileType = sourcecode.swift; path = User.swift; sourceTree = "<group>"; };
		5516C027261045D900482665 /* RegistrationViewController.swift */ = {isa = PBXFileReference; lastKnownFileType = sourcecode.swift; path = RegistrationViewController.swift; sourceTree = "<group>"; };
/* End PBXFileReference section */

/* Begin PBXFrameworksBuildPhase section */
		5516C00426102CDC00482665 /* Frameworks */ = {
			isa = PBXFrameworksBuildPhase;
			buildActionMask = 2147483647;
			files = (
			);
			runOnlyForDeploymentPostprocessing = 0;
		};
/* End PBXFrameworksBuildPhase section */

/* Begin PBXGroup section */
		5516BFFE26102CDC00482665 = {
			isa = PBXGroup;
			children = (
				5516C00926102CDC00482665 /* SmartShopping */,
				5516C00826102CDC00482665 /* Products */,
			);
			sourceTree = "<group>";
		};
		5516C00826102CDC00482665 /* Products */ = {
			isa = PBXGroup;
			children = (
				5516C00726102CDC00482665 /* SmartShopping.app */,
			);
			name = Products;
			sourceTree = "<group>";
		};
		5516C00926102CDC00482665 /* SmartShopping */ = {
			isa = PBXGroup;
			children = (
				5516C02226103E3100482665 /* model */,
				5516C00A26102CDC00482665 /* AppDelegate.swift */,
				5516C00C26102CDC00482665 /* SceneDelegate.swift */,
				5516C00E26102CDC00482665 /* ViewController.swift */,
				5516C01026102CDC00482665 /* Main.storyboard */,
				5516C01326102CDD00482665 /* Assets.xcassets */,
				5516C01526102CDD00482665 /* LaunchScreen.storyboard */,
				5516C01826102CDD00482665 /* Info.plist */,
				5516C027261045D900482665 /* RegistrationViewController.swift */,
			);
			path = SmartShopping;
			sourceTree = "<group>";
		};
		5516C02226103E3100482665 /* model */ = {
			isa = PBXGroup;
			children = (
				5516C02326103E4600482665 /* User.swift */,
			);
			path = model;
			sourceTree = "<group>";
		};
/* End PBXGroup section */

/* Begin PBXNativeTarget section */
		5516C00626102CDC00482665 /* SmartShopping */ = {
			isa = PBXNativeTarget;
			buildConfigurationList = 5516C01B26102CDD00482665 /* Build configuration list for PBXNativeTarget "SmartShopping" */;
			buildPhases = (
				5516C00326102CDC00482665 /* Sources */,
				5516C00426102CDC00482665 /* Frameworks */,
				5516C00526102CDC00482665 /* Resources */,
			);
			buildRules = (
			);
			dependencies = (
			);
			name = SmartShopping;
			productName = SmartShopping;
			productReference = 5516C00726102CDC00482665 /* SmartShopping.app */;
			productType = "com.apple.product-type.application";
		};
/* End PBXNativeTarget section */

/* Begin PBXProject section */
		5516BFFF26102CDC00482665 /* Project object */ = {
			isa = PBXProject;
			attributes = {
				LastSwiftUpdateCheck = 1230;
				LastUpgradeCheck = 1230;
				TargetAttributes = {
					5516C00626102CDC00482665 = {
						CreatedOnToolsVersion = 12.3;
					};
				};
			};
			buildConfigurationList = 5516C00226102CDC00482665 /* Build configuration list for PBXProject "SmartShopping" */;
			compatibilityVersion = "Xcode 9.3";
			developmentRegion = en;
			hasScannedForEncodings = 0;
			knownRegions = (
				en,
				Base,
			);
			mainGroup = 5516BFFE26102CDC00482665;
			productRefGroup = 5516C00826102CDC00482665 /* Products */;
			projectDirPath = "";
			projectRoot = "";
			targets = (
				5516C00626102CDC00482665 /* SmartShopping */,
			);
		};
/* End PBXProject section */

/* Begin PBXResourcesBuildPhase section */
		5516C00526102CDC00482665 /* Resources */ = {
			isa = PBXResourcesBuildPhase;
			buildActionMask = 2147483647;
			files = (
				5516C01726102CDD00482665 /* LaunchScreen.storyboard in Resources */,
				5516C01426102CDD00482665 /* Assets.xcassets in Resources */,
				5516C01226102CDC00482665 /* Main.storyboard in Resources */,
			);
			runOnlyForDeploymentPostprocessing = 0;
		};
/* End PBXResourcesBuildPhase section */

/* Begin PBXSourcesBuildPhase section */
		5516C00326102CDC00482665 /* Sources */ = {
			isa = PBXSourcesBuildPhase;
			buildActionMask = 2147483647;
			files = (
				5516C028261045D900482665 /* RegistrationViewController.swift in Sources */,
				5516C00F26102CDC00482665 /* ViewController.swift in Sources */,
				5516C00B26102CDC00482665 /* AppDelegate.swift in Sources */,
				5516C00D26102CDC00482665 /* SceneDelegate.swift in Sources */,
				5516C02426103E4600482665 /* User.swift in Sources */,
			);
			runOnlyForDeploymentPostprocessing = 0;
		};
/* End PBXSourcesBuildPhase section */

/* Begin PBXVariantGroup section */
		5516C01026102CDC00482665 /* Main.storyboard */ = {
			isa = PBXVariantGroup;
			children = (
				5516C01126102CDC00482665 /* Base */,
			);
			name = Main.storyboard;
			sourceTree = "<group>";
		};
		5516C01526102CDD00482665 /* LaunchScreen.storyboard */ = {
			isa = PBXVariantGroup;
			children = (
				5516C01626102CDD00482665 /* Base */,
			);
			name = LaunchScreen.storyboard;
			sourceTree = "<group>";
		};
/* End PBXVariantGroup section */

/* Begin XCBuildConfiguration section */
		5516C01926102CDD00482665 /* Debug */ = {
			isa = XCBuildConfiguration;
			buildSettings = {
				ALWAYS_SEARCH_USER_PATHS = NO;
				CLANG_ANALYZER_NONNULL = YES;
				CLANG_ANALYZER_NUMBER_OBJECT_CONVERSION = YES_AGGRESSIVE;
				CLANG_CXX_LANGUAGE_STANDARD = "gnu++14";
				CLANG_CXX_LIBRARY = "libc++";
				CLANG_ENABLE_MODULES = YES;
				CLANG_ENABLE_OBJC_ARC = YES;
				CLANG_ENABLE_OBJC_WEAK = YES;
				CLANG_WARN_BLOCK_CAPTURE_AUTORELEASING = YES;
				CLANG_WARN_BOOL_CONVERSION = YES;
				CLANG_WARN_COMMA = YES;
				CLANG_WARN_CONSTANT_CONVERSION = YES;
				CLANG_WARN_DEPRECATED_OBJC_IMPLEMENTATIONS = YES;
				CLANG_WARN_DIRECT_OBJC_ISA_USAGE = YES_ERROR;
				CLANG_WARN_DOCUMENTATION_COMMENTS = YES;
				CLANG_WARN_EMPTY_BODY = YES;
				CLANG_WARN_ENUM_CONVERSION = YES;
				CLANG_WARN_INFINITE_RECURSION = YES;
				CLANG_WARN_INT_CONVERSION = YES;
				CLANG_WARN_NON_LITERAL_NULL_CONVERSION = YES;
				CLANG_WARN_OBJC_IMPLICIT_RETAIN_SELF = YES;
				CLANG_WARN_OBJC_LITERAL_CONVERSION = YES;
				CLANG_WARN_OBJC_ROOT_CLASS = YES_ERROR;
				CLANG_WARN_QUOTED_INCLUDE_IN_FRAMEWORK_HEADER = YES;
				CLANG_WARN_RANGE_LOOP_ANALYSIS = YES;
				CLANG_WARN_STRICT_PROTOTYPES = YES;
				CLANG_WARN_SUSPICIOUS_MOVE = YES;
				CLANG_WARN_UNGUARDED_AVAILABILITY = YES_AGGRESSIVE;
				CLANG_WARN_UNREACHABLE_CODE = YES;
				CLANG_WARN__DUPLICATE_METHOD_MATCH = YES;
				COPY_PHASE_STRIP = NO;
				DEBUG_INFORMATION_FORMAT = dwarf;
				ENABLE_STRICT_OBJC_MSGSEND = YES;
				ENABLE_TESTABILITY = YES;
				GCC_C_LANGUAGE_STANDARD = gnu11;
				GCC_DYNAMIC_NO_PIC = NO;
				GCC_NO_COMMON_BLOCKS = YES;
				GCC_OPTIMIZATION_LEVEL = 0;
				GCC_PREPROCESSOR_DEFINITIONS = (
					"DEBUG=1",
					"$(inherited)",
				);
				GCC_WARN_64_TO_32_BIT_CONVERSION = YES;
				GCC_WARN_ABOUT_RETURN_TYPE = YES_ERROR;
				GCC_WARN_UNDECLARED_SELECTOR = YES;
				GCC_WARN_UNINITIALIZED_AUTOS = YES_AGGRESSIVE;
				GCC_WARN_UNUSED_FUNCTION = YES;
				GCC_WARN_UNUSED_VARIABLE = YES;
				IPHONEOS_DEPLOYMENT_TARGET = 14.3;
				MTL_ENABLE_DEBUG_INFO = INCLUDE_SOURCE;
				MTL_FAST_MATH = YES;
				ONLY_ACTIVE_ARCH = YES;
				SDKROOT = iphoneos;
				SWIFT_ACTIVE_COMPILATION_CONDITIONS = DEBUG;
				SWIFT_OPTIMIZATION_LEVEL = "-Onone";
			};
			name = Debug;
		};
		5516C01A26102CDD00482665 /* Release */ = {
			isa = XCBuildConfiguration;
			buildSettings = {
				ALWAYS_SEARCH_USER_PATHS = NO;
				CLANG_ANALYZER_NONNULL = YES;
				CLANG_ANALYZER_NUMBER_OBJECT_CONVERSION = YES_AGGRESSIVE;
				CLANG_CXX_LANGUAGE_STANDARD = "gnu++14";
				CLANG_CXX_LIBRARY = "libc++";
				CLANG_ENABLE_MODULES = YES;
				CLANG_ENABLE_OBJC_ARC = YES;
				CLANG_ENABLE_OBJC_WEAK = YES;
				CLANG_WARN_BLOCK_CAPTURE_AUTORELEASING = YES;
				CLANG_WARN_BOOL_CONVERSION = YES;
				CLANG_WARN_COMMA = YES;
				CLANG_WARN_CONSTANT_CONVERSION = YES;
				CLANG_WARN_DEPRECATED_OBJC_IMPLEMENTATIONS = YES;
				CLANG_WARN_DIRECT_OBJC_ISA_USAGE = YES_ERROR;
				CLANG_WARN_DOCUMENTATION_COMMENTS = YES;
				CLANG_WARN_EMPTY_BODY = YES;
				CLANG_WARN_ENUM_CONVERSION = YES;
				CLANG_WARN_INFINITE_RECURSION = YES;
				CLANG_WARN_INT_CONVERSION = YES;
				CLANG_WARN_NON_LITERAL_NULL_CONVERSION = YES;
				CLANG_WARN_OBJC_IMPLICIT_RETAIN_SELF = YES;
				CLANG_WARN_OBJC_LITERAL_CONVERSION = YES;
				CLANG_WARN_OBJC_ROOT_CLASS = YES_ERROR;
				CLANG_WARN_QUOTED_INCLUDE_IN_FRAMEWORK_HEADER = YES;
				CLANG_WARN_RANGE_LOOP_ANALYSIS = YES;
				CLANG_WARN_STRICT_PROTOTYPES = YES;
				CLANG_WARN_SUSPICIOUS_MOVE = YES;
				CLANG_WARN_UNGUARDED_AVAILABILITY = YES_AGGRESSIVE;
				CLANG_WARN_UNREACHABLE_CODE = YES;
				CLANG_WARN__DUPLICATE_METHOD_MATCH = YES;
				COPY_PHASE_STRIP = NO;
				DEBUG_INFORMATION_FORMAT = "dwarf-with-dsym";
				ENABLE_NS_ASSERTIONS = NO;
				ENABLE_STRICT_OBJC_MSGSEND = YES;
				GCC_C_LANGUAGE_STANDARD = gnu11;
				GCC_NO_COMMON_BLOCKS = YES;
				GCC_WARN_64_TO_32_BIT_CONVERSION = YES;
				GCC_WARN_ABOUT_RETURN_TYPE = YES_ERROR;
				GCC_WARN_UNDECLARED_SELECTOR = YES;
				GCC_WARN_UNINITIALIZED_AUTOS = YES_AGGRESSIVE;
				GCC_WARN_UNUSED_FUNCTION = YES;
				GCC_WARN_UNUSED_VARIABLE = YES;
				IPHONEOS_DEPLOYMENT_TARGET = 14.3;
				MTL_ENABLE_DEBUG_INFO = NO;
				MTL_FAST_MATH = YES;
				SDKROOT = iphoneos;
				SWIFT_COMPILATION_MODE = wholemodule;
				SWIFT_OPTIMIZATION_LEVEL = "-O";
				VALIDATE_PRODUCT = YES;
			};
			name = Release;
		};
		5516C01C26102CDD00482665 /* Debug */ = {
			isa = XCBuildConfiguration;
			buildSettings = {
				ASSETCATALOG_COMPILER_APPICON_NAME = AppIcon;
				ASSETCATALOG_COMPILER_GLOBAL_ACCENT_COLOR_NAME = AccentColor;
				CODE_SIGN_STYLE = Automatic;
				DEVELOPMENT_TEAM = H9GV793Q3C;
				INFOPLIST_FILE = SmartShopping/Info.plist;
				LD_RUNPATH_SEARCH_PATHS = (
					"$(inherited)",
					"@executable_path/Frameworks",
				);
				PRODUCT_BUNDLE_IDENTIFIER = YWYW65SmartShopping;
				PRODUCT_NAME = "$(TARGET_NAME)";
				SWIFT_VERSION = 5.0;
				TARGETED_DEVICE_FAMILY = "1,2";
			};
			name = Debug;
		};
		5516C01D26102CDD00482665 /* Release */ = {
			isa = XCBuildConfiguration;
			buildSettings = {
				ASSETCATALOG_COMPILER_APPICON_NAME = AppIcon;
				ASSETCATALOG_COMPILER_GLOBAL_ACCENT_COLOR_NAME = AccentColor;
				CODE_SIGN_STYLE = Automatic;
				DEVELOPMENT_TEAM = H9GV793Q3C;
				INFOPLIST_FILE = SmartShopping/Info.plist;
				LD_RUNPATH_SEARCH_PATHS = (
					"$(inherited)",
					"@executable_path/Frameworks",
				);
				PRODUCT_BUNDLE_IDENTIFIER = YWYW65SmartShopping;
				PRODUCT_NAME = "$(TARGET_NAME)";
				SWIFT_VERSION = 5.0;
				TARGETED_DEVICE_FAMILY = "1,2";
			};
			name = Release;
		};
/* End XCBuildConfiguration section */

/* Begin XCConfigurationList section */
		5516C00226102CDC00482665 /* Build configuration list for PBXProject "SmartShopping" */ = {
			isa = XCConfigurationList;
			buildConfigurations = (
				5516C01926102CDD00482665 /* Debug */,
				5516C01A26102CDD00482665 /* Release */,
			);
			defaultConfigurationIsVisible = 0;
			defaultConfigurationName = Release;
		};
		5516C01B26102CDD00482665 /* Build configuration list for PBXNativeTarget "SmartShopping" */ = {
			isa = XCConfigurationList;
			buildConfigurations = (
				5516C01C26102CDD00482665 /* Debug */,
				5516C01D26102CDD00482665 /* Release */,
			);
			defaultConfigurationIsVisible = 0;
			defaultConfigurationName = Release;
		};
/* End XCConfigurationList section */
	};
	rootObject = 5516BFFF26102CDC00482665 /* Project object */;
}
